
Microsoft Visual Studio Solution File, Format Version 12.00
# Visual Studio 15
VisualStudioVersion = 15.0.28307.1062
MinimumVisualStudioVersion = 10.0.40219.1
Project("{FAE04EC0-301F-11D3-BF4B-00C04F79EFBC}") = "WServiceComm", "WServiceComm\WServiceComm.csproj", "{9C8C0B56-ABFD-4BDE-BF5D-90B6C3704F29}"
EndProject
Project("{FAE04EC0-301F-11D3-BF4B-00C04F79EFBC}") = "ConsoleTest", "ConsoleTest\ConsoleTest.csproj", "{0510F698-0565-40B0-A0B3-B8B0DF7C93E7}"
EndProject
Global
	GlobalSection(SolutionConfigurationPlatforms) = preSolution
		Debug|Any CPU = Debug|Any CPU
		Release|Any CPU = Release|Any CPU
	EndGlobalSection
	GlobalSection(ProjectConfigurationPlatforms) = postSolution
		{9C8C0B56-ABFD-4BDE-BF5D-90B6C3704F29}.Debug|Any CPU.ActiveCfg = Debug|Any CPU
		{9C8C0B56-ABFD-4BDE-BF5D-90B6C3704F29}.Debug|Any CPU.Build.0 = Debug|Any CPU
		{9C8C0B56-ABFD-4BDE-BF5D-90B6C3704F29}.Release|Any CPU.ActiveCfg = Release|Any CPU
		{9C8C0B56-ABFD-4BDE-BF5D-90B6C3704F29}.Release|Any CPU.Build.0 = Release|Any CPU
		{0510F698-0565-40B0-A0B3-B8B0DF7C93E7}.Debug|Any CPU.ActiveCfg = Debug|Any CPU
		{0510F698-0565-40B0-A0B3-B8B0DF7C93E7}.Debug|Any CPU.Build.0 = Debug|Any CPU
		{0510F698-0565-40B0-A0B3-B8B0DF7C93E7}.Release|Any CPU.ActiveCfg = Release|Any CPU
		{0510F698-0565-40B0-A0B3-B8B0DF7C93E7}.Release|Any CPU.Build.0 = Release|Any CPU
	EndGlobalSection
	GlobalSection(SolutionProperties) = preSolution
		HideSolutionNode = FALSE
	EndGlobalSection
	GlobalSection(ExtensibilityGlobals) = postSolution
		SolutionGuid = {789FC9AC-5F08-47D1-93BA-C78CA172F3BC}
	EndGlobalSection
EndGlobal
